{
  "name": "webpack5",
  "version": "1.0.0",
  "lockfileVersion": 1,
  "requires": true,
  "dependencies": {
    "@types/eslint": {
      "version": "7.2.6",
      "resolved": "https://registry.npm.taobao.org/@types/eslint/download/@types/eslint-7.2.6.tgz?cache=0&sync_timestamp=1606904601361&other_urls=https%3A%2F%2Fregistry.npm.taobao.org%2F%40types%2Feslint%2Fdownload%2F%40types%2Feslint-7.2.6.tgz",
      "integrity": "sha1-Xpr/VVqXVZbAOpi1ns0QPezHDDw=",
      "dev": true,
      "requires": {
        "@types/estree": "*",
        "@types/json-schema": "*"
      }
    },
    "@types/eslint-scope": {
      "version": "3.7.0",
      "resolved": "https://registry.npm.taobao.org/@types/eslint-scope/download/@types/eslint-scope-3.7.0.tgz?cache=0&sync_timestamp=1605053443749&other_urls=https%3A%2F%2Fregistry.npm.taobao.org%2F%40types%2Feslint-scope%2Fdownload%2F%40types%2Feslint-scope-3.7.0.tgz",
      "integrity": "sha1-R5KBbjERnr1QaQKkgsrsSVH6vYY=",
      "dev": true,
      "requires": {
        "@types/eslint": "*",
        "@types/estree": "*"
      }
    },
    "@types/estree": {
      "version": "0.0.45",
      "resolved": "https://registry.npm.taobao.org/@types/estree/download/@types/estree-0.0.45.tgz",
      "integrity": "sha1-6Th1cpmOXs2sIhlQ2rPow7Fq+IQ=",
      "dev": true
    },
    "@types/json-schema": {
      "version": "7.0.6",
      "resolved": "https://registry.npm.taobao.org/@types/json-schema/download/@types/json-schema-7.0.6.tgz?cache=0&sync_timestamp=1605053861867&other_urls=https%3A%2F%2Fregistry.npm.taobao.org%2F%40types%2Fjson-schema%2Fdownload%2F%40types%2Fjson-schema-7.0.6.tgz",
      "integrity": "sha1-9MfsQ+gbMZqYFRFQMXCfJph4kfA=",
      "dev": true
    },
    "@types/node": {
      "version": "14.14.13",
      "resolved": "https://registry.npm.taobao.org/@types/node/download/@types/node-14.14.13.tgz?cache=0&sync_timestamp=1607858171903&other_urls=https%3A%2F%2Fregistry.npm.taobao.org%2F%40types%2Fnode%2Fdownload%2F%40types%2Fnode-14.14.13.tgz",
      "integrity": "sha1-nkJQeXmTIhE66Edyl65u9RuODN8=",
      "dev": true
    },
    "@webassemblyjs/ast": {
      "version": "1.9.1",
      "resolved": "https://registry.npm.taobao.org/@webassemblyjs/ast/download/@webassemblyjs/ast-1.9.1.tgz",
      "integrity": "sha1-dsaTdxbWi/FITBUTn17TC5q8i7Q=",
      "dev": true,
      "requires": {
        "@webassemblyjs/helper-module-context": "1.9.1",
        "@webassemblyjs/helper-wasm-bytecode": "1.9.1",
        "@webassemblyjs/wast-parser": "1.9.1"
      }
    },
    "@webassemblyjs/floating-point-hex-parser": {
      "version": "1.9.1",
      "resolved": "https://registry.npm.taobao.org/@webassemblyjs/floating-point-hex-parser/download/@webassemblyjs/floating-point-hex-parser-1.9.1.tgz",
      "integrity": "sha1-nrD/kKHN7vUfNrpTPtnwa1za3Qk=",
      "dev": true
    },
    "@webassemblyjs/helper-api-error": {
      "version": "1.9.1",
      "resolved": "https://registry.npm.taobao.org/@webassemblyjs/helper-api-error/download/@webassemblyjs/helper-api-error-1.9.1.tgz",
      "integrity": "sha1-rYkBXEJGzX9e0FVnACN/i5wsdS8=",
      "dev": true
    },
    "@webassemblyjs/helper-buffer": {
      "version": "1.9.1",
      "resolved": "https://registry.npm.taobao.org/@webassemblyjs/helper-buffer/download/@webassemblyjs/helper-buffer-1.9.1.tgz",
      "integrity": "sha1-GG5nrCX5VG6nk5dZQTmH8VdSQTM=",
      "dev": true
    },
    "@webassemblyjs/helper-code-frame": {
      "version": "1.9.1",
      "resolved": "https://registry.npm.taobao.org/@webassemblyjs/helper-code-frame/download/@webassemblyjs/helper-code-frame-1.9.1.tgz",
      "integrity": "sha1-qrF3t8yHoxio+GZK1o4sOCjrxCs=",
      "dev": true,
      "requires": {
        "@webassemblyjs/wast-printer": "1.9.1"
      }
    },
    "@webassemblyjs/helper-fsm": {
      "version": "1.9.1",
      "resolved": "https://registry.npm.taobao.org/@webassemblyjs/helper-fsm/download/@webassemblyjs/helper-fsm-1.9.1.tgz",
      "integrity": "sha1-Un6RYo6E0T01c4hLPcTFOoHcuRE=",
      "dev": true
    },
    "@webassemblyjs/helper-module-context": {
      "version": "1.9.1",
      "resolved": "https://registry.npm.taobao.org/@webassemblyjs/helper-module-context/download/@webassemblyjs/helper-module-context-1.9.1.tgz",
      "integrity": "sha1-d4Zws9Rx988JPR58Dd5DG1QxDhY=",
      "dev": true,
      "requires": {
        "@webassemblyjs/ast": "1.9.1"
      }
    },
    "@webassemblyjs/helper-wasm-bytecode": {
      "version": "1.9.1",
      "resolved": "https://registry.npm.taobao.org/@webassemblyjs/helper-wasm-bytecode/download/@webassemblyjs/helper-wasm-bytecode-1.9.1.tgz",
      "integrity": "sha1-Vj9ZvPQJzPRp7d4Wi5Qmlh/79t8=",
      "dev": true
    },
    "@webassemblyjs/helper-wasm-section": {
      "version": "1.9.1",
      "resolved": "https://registry.npm.taobao.org/@webassemblyjs/helper-wasm-section/download/@webassemblyjs/helper-wasm-section-1.9.1.tgz",
      "integrity": "sha1-95iPlMErAbmaFhIMsB3AmbAOR5g=",
      "dev": true,
      "requires": {
        "@webassemblyjs/ast": "1.9.1",
        "@webassemblyjs/helper-buffer": "1.9.1",
        "@webassemblyjs/helper-wasm-bytecode": "1.9.1",
        "@webassemblyjs/wasm-gen": "1.9.1"
      }
    },
    "@webassemblyjs/ieee754": {
      "version": "1.9.1",
      "resolved": "https://registry.npm.taobao.org/@webassemblyjs/ieee754/download/@webassemblyjs/ieee754-1.9.1.tgz",
      "integrity": "sha1-O3FYccp9dXhHF8+c7KnXuBN0uK8=",
      "dev": true,
      "requires": {
        "@xtuc/ieee754": "^1.2.0"
      }
    },
    "@webassemblyjs/leb128": {
      "version": "1.9.1",
      "resolved": "https://registry.npm.taobao.org/@webassemblyjs/leb128/download/@webassemblyjs/leb128-1.9.1.tgz",
      "integrity": "sha1-suyqOfnoJ3zJxwfByosqp7J9C3I=",
      "dev": true,
      "requires": {
        "@xtuc/long": "4.2.2"
      }
    },
    "@webassemblyjs/utf8": {
      "version": "1.9.1",
      "resolved": "https://registry.npm.taobao.org/@webassemblyjs/utf8/download/@webassemblyjs/utf8-1.9.1.tgz",
      "integrity": "sha1-0C2dqrhc2jIR5DyvMdynTCYKc7A=",
      "dev": true
    },
    "@webassemblyjs/wasm-edit": {
      "version": "1.9.1",
      "resolved": "https://registry.npm.taobao.org/@webassemblyjs/wasm-edit/download/@webassemblyjs/wasm-edit-1.9.1.tgz",
      "integrity": "sha1-4npr2/eOXHL6gSovw8uq18PjdXg=",
      "dev": true,
      "requires": {
        "@webassemblyjs/ast": "1.9.1",
        "@webassemblyjs/helper-buffer": "1.9.1",
        "@webassemblyjs/helper-wasm-bytecode": "1.9.1",
        "@webassemblyjs/helper-wasm-section": "1.9.1",
        "@webassemblyjs/wasm-gen": "1.9.1",
        "@webassemblyjs/wasm-opt": "1.9.1",
        "@webassemblyjs/wasm-parser": "1.9.1",
        "@webassemblyjs/wast-printer": "1.9.1"
      }
    },
    "@webassemblyjs/wasm-gen": {
      "version": "1.9.1",
      "resolved": "https://registry.npm.taobao.org/@webassemblyjs/wasm-gen/download/@webassemblyjs/wasm-gen-1.9.1.tgz",
      "integrity": "sha1-VqB4fR+nmU/ce+pZAE5b7HGJxfw=",
      "dev": true,
      "requires": {
        "@webassemblyjs/ast": "1.9.1",
        "@webassemblyjs/helper-wasm-bytecode": "1.9.1",
        "@webassemblyjs/ieee754": "1.9.1",
        "@webassemblyjs/leb128": "1.9.1",
        "@webassemblyjs/utf8": "1.9.1"
      }
    },
    "@webassemblyjs/wasm-opt": {
      "version": "1.9.1",
      "resolved": "https://registry.npm.taobao.org/@webassemblyjs/wasm-opt/download/@webassemblyjs/wasm-opt-1.9.1.tgz",
      "integrity": "sha1-+9+JQ6gl5tzEzWnD4JIon6SuyWw=",
      "dev": true,
      "requires": {
        "@webassemblyjs/ast": "1.9.1",
        "@webassemblyjs/helper-buffer": "1.9.1",
        "@webassemblyjs/wasm-gen": "1.9.1",
        "@webassemblyjs/wasm-parser": "1.9.1"
      }
    },
    "@webassemblyjs/wasm-parser": {
      "version": "1.9.1",
      "resolved": "https://registry.npm.taobao.org/@webassemblyjs/wasm-parser/download/@webassemblyjs/wasm-parser-1.9.1.tgz",
      "integrity": "sha1-XoNSokbT9gUxLI5BT3mQ3lWq7fo=",
      "dev": true,
      "requires": {
        "@webassemblyjs/ast": "1.9.1",
        "@webassemblyjs/helper-api-error": "1.9.1",
        "@webassemblyjs/helper-wasm-bytecode": "1.9.1",
        "@webassemblyjs/ieee754": "1.9.1",
        "@webassemblyjs/leb128": "1.9.1",
        "@webassemblyjs/utf8": "1.9.1"
      }
    },
    "@webassemblyjs/wast-parser": {
      "version": "1.9.1",
      "resolved": "https://registry.npm.taobao.org/@webassemblyjs/wast-parser/download/@webassemblyjs/wast-parser-1.9.1.tgz",
      "integrity": "sha1-4l7xNYXAYAc8HbDWvZQ0D97udZY=",
      "dev": true,
      "requires": {
        "@webassemblyjs/ast": "1.9.1",
        "@webassemblyjs/floating-point-hex-parser": "1.9.1",
        "@webassemblyjs/helper-api-error": "1.9.1",
        "@webassemblyjs/helper-code-frame": "1.9.1",
        "@webassemblyjs/helper-fsm": "1.9.1",
        "@xtuc/long": "4.2.2"
      }
    },
    "@webassemblyjs/wast-printer": {
      "version": "1.9.1",
      "resolved": "https://registry.npm.taobao.org/@webassemblyjs/wast-printer/download/@webassemblyjs/wast-printer-1.9.1.tgz",
      "integrity": "sha1-ufOOk2UgN9Tz+ckVhGNa9Bke18E=",
      "dev": true,
      "requires": {
        "@webassemblyjs/ast": "1.9.1",
        "@webassemblyjs/wast-parser": "1.9.1",
        "@xtuc/long": "4.2.2"
      }
    },
    "@xtuc/ieee754": {
      "version": "1.2.0",
      "resolved": "http://registry.npm.taobao.org/@xtuc/ieee754/download/@xtuc/ieee754-1.2.0.tgz",
      "integrity": "sha1-7vAUoxRa5Hehy8AM0eVSM23Ot5A=",
      "dev": true
    },
    "@xtuc/long": {
      "version": "4.2.2",
      "resolved": "http://registry.npm.taobao.org/@xtuc/long/download/@xtuc/long-4.2.2.tgz",
      "integrity": "sha1-0pHGpOl5ibXGHZrPOWrk/hM6cY0=",
      "dev": true
    },
    "acorn": {
      "version": "8.0.4",
      "resolved": "https://registry.npm.taobao.org/acorn/download/acorn-8.0.4.tgz",
      "integrity": "sha1-ejrkGRRmpphO7g/jQHpPOqnbg1Q=",
      "dev": true
    },
    "ajv": {
      "version": "6.12.6",
      "resolved": "https://registry.npm.taobao.org/ajv/download/ajv-6.12.6.tgz?cache=0&sync_timestamp=1607999890478&other_urls=https%3A%2F%2Fregistry.npm.taobao.org%2Fajv%2Fdownload%2Fajv-6.12.6.tgz",
      "integrity": "sha1-uvWmLoArB9l3A0WG+MO69a3ybfQ=",
      "dev": true,
      "requires": {
        "fast-deep-equal": "^3.1.1",
        "fast-json-stable-stringify": "^2.0.0",
        "json-schema-traverse": "^0.4.1",
        "uri-js": "^4.2.2"
      }
    },
    "ajv-keywords": {
      "version": "3.5.2",
      "resolved": "https://registry.npm.taobao.org/ajv-keywords/download/ajv-keywords-3.5.2.tgz",
      "integrity": "sha1-MfKdpatuANHC0yms97WSlhTVAU0=",
      "dev": true
    },
    "big.js": {
      "version": "5.2.2",
      "resolved": "https://registry.npm.taobao.org/big.js/download/big.js-5.2.2.tgz",
      "integrity": "sha1-ZfCvOC9Xi83HQr2cKB6cstd2gyg=",
      "dev": true
    },
    "browserslist": {
      "version": "4.16.0",
      "resolved": "https://registry.npm.taobao.org/browserslist/download/browserslist-4.16.0.tgz?cache=0&sync_timestamp=1607663761469&other_urls=https%3A%2F%2Fregistry.npm.taobao.org%2Fbrowserslist%2Fdownload%2Fbrowserslist-4.16.0.tgz",
      "integrity": "sha1-QQJ3YnUAvjyyihv+A3WG++35SIs=",
      "dev": true,
      "requires": {
        "caniuse-lite": "^1.0.30001165",
        "colorette": "^1.2.1",
        "electron-to-chromium": "^1.3.621",
        "escalade": "^3.1.1",
        "node-releases": "^1.1.67"
      }
    },
    "buffer-from": {
      "version": "1.1.1",
      "resolved": "http://registry.npm.taobao.org/buffer-from/download/buffer-from-1.1.1.tgz",
      "integrity": "sha1-MnE7wCj3XAL9txDXx7zsHyxgcO8=",
      "dev": true
    },
    "camelcase": {
      "version": "6.2.0",
      "resolved": "https://registry.npm.taobao.org/camelcase/download/camelcase-6.2.0.tgz?cache=0&sync_timestamp=1603921882890&other_urls=https%3A%2F%2Fregistry.npm.taobao.org%2Fcamelcase%2Fdownload%2Fcamelcase-6.2.0.tgz",
      "integrity": "sha1-kkr4gcnVJaydh/QNlk5c6pgqGAk=",
      "dev": true
    },
    "caniuse-lite": {
      "version": "1.0.30001166",
      "resolved": "https://registry.npm.taobao.org/caniuse-lite/download/caniuse-lite-1.0.30001166.tgz?cache=0&sync_timestamp=1607938285459&other_urls=https%3A%2F%2Fregistry.npm.taobao.org%2Fcaniuse-lite%2Fdownload%2Fcaniuse-lite-1.0.30001166.tgz",
      "integrity": "sha1-ynPodHrP0WpP1sS3hPG5lflpjPg=",
      "dev": true
    },
    "chrome-trace-event": {
      "version": "1.0.2",
      "resolved": "https://registry.npm.taobao.org/chrome-trace-event/download/chrome-trace-event-1.0.2.tgz",
      "integrity": "sha1-I0CQ7pfH1K0aLEvq4nUF3v/GCKQ=",
      "dev": true,
      "requires": {
        "tslib": "^1.9.0"
      }
    },
    "colorette": {
      "version": "1.2.1",
      "resolved": "https://registry.npm.taobao.org/colorette/download/colorette-1.2.1.tgz",
      "integrity": "sha1-TQuSEyXBT6+SYzCGpTbbbolWSxs=",
      "dev": true
    },
    "commander": {
      "version": "2.20.3",
      "resolved": "https://registry.npm.taobao.org/commander/download/commander-2.20.3.tgz?cache=0&sync_timestamp=1607931421020&other_urls=https%3A%2F%2Fregistry.npm.taobao.org%2Fcommander%2Fdownload%2Fcommander-2.20.3.tgz",
      "integrity": "sha1-/UhehMA+tIgcIHIrpIA16FMa6zM=",
      "dev": true
    },
    "css-loader": {
      "version": "5.0.1",
      "resolved": "https://registry.npm.taobao.org/css-loader/download/css-loader-5.0.1.tgz?cache=0&sync_timestamp=1604507107408&other_urls=https%3A%2F%2Fregistry.npm.taobao.org%2Fcss-loader%2Fdownload%2Fcss-loader-5.0.1.tgz",
      "integrity": "sha1-nk3g1mNqYmalhb0JALQiyFU50l8=",
      "dev": true,
      "requires": {
        "camelcase": "^6.2.0",
        "cssesc": "^3.0.0",
        "icss-utils": "^5.0.0",
        "loader-utils": "^2.0.0",
        "postcss": "^8.1.4",
        "postcss-modules-extract-imports": "^3.0.0",
        "postcss-modules-local-by-default": "^4.0.0",
        "postcss-modules-scope": "^3.0.0",
        "postcss-modules-values": "^4.0.0",
        "postcss-value-parser": "^4.1.0",
        "schema-utils": "^3.0.0",
        "semver": "^7.3.2"
      }
    },
    "cssesc": {
      "version": "3.0.0",
      "resolved": "http://registry.npm.taobao.org/cssesc/download/cssesc-3.0.0.tgz",
      "integrity": "sha1-N3QZGZA7hoVl4cCep0dEXNGJg+4=",
      "dev": true
    },
    "electron-to-chromium": {
      "version": "1.3.625",
      "resolved": "https://registry.npm.taobao.org/electron-to-chromium/download/electron-to-chromium-1.3.625.tgz?cache=0&sync_timestamp=1607920871954&other_urls=https%3A%2F%2Fregistry.npm.taobao.org%2Felectron-to-chromium%2Fdownload%2Felectron-to-chromium-1.3.625.tgz",
      "integrity": "sha1-p70Y2k3HMsGAsuleDilsC/IvO9Y=",
      "dev": true
    },
    "emojis-list": {
      "version": "3.0.0",
      "resolved": "https://registry.npm.taobao.org/emojis-list/download/emojis-list-3.0.0.tgz",
      "integrity": "sha1-VXBmIEatKeLpFucariYKvf9Pang=",
      "dev": true
    },
    "enhanced-resolve": {
      "version": "5.4.0",
      "resolved": "https://registry.npm.taobao.org/enhanced-resolve/download/enhanced-resolve-5.4.0.tgz?cache=0&sync_timestamp=1606945924540&other_urls=https%3A%2F%2Fregistry.npm.taobao.org%2Fenhanced-resolve%2Fdownload%2Fenhanced-resolve-5.4.0.tgz",
      "integrity": "sha1-qLzyOwCv+slFXPce/YCET0BU9Nw=",
      "dev": true,
      "requires": {
        "graceful-fs": "^4.2.4",
        "tapable": "^2.0.0"
      }
    },
    "escalade": {
      "version": "3.1.1",
      "resolved": "https://registry.npm.taobao.org/escalade/download/escalade-3.1.1.tgz?cache=0&sync_timestamp=1602567310672&other_urls=https%3A%2F%2Fregistry.npm.taobao.org%2Fescalade%2Fdownload%2Fescalade-3.1.1.tgz",
      "integrity": "sha1-2M/ccACWXFoBdLSoLqpcBVJ0LkA=",
      "dev": true
    },
    "eslint-scope": {
      "version": "5.1.1",
      "resolved": "https://registry.npm.taobao.org/eslint-scope/download/eslint-scope-5.1.1.tgz",
      "integrity": "sha1-54blmmbLkrP2wfsNUIqrF0hI9Iw=",
      "dev": true,
      "requires": {
        "esrecurse": "^4.3.0",
        "estraverse": "^4.1.1"
      }
    },
    "esrecurse": {
      "version": "4.3.0",
      "resolved": "https://registry.npm.taobao.org/esrecurse/download/esrecurse-4.3.0.tgz",
      "integrity": "sha1-eteWTWeauyi+5yzsY3WLHF0smSE=",
      "dev": true,
      "requires": {
        "estraverse": "^5.2.0"
      },
      "dependencies": {
        "estraverse": {
          "version": "5.2.0",
          "resolved": "https://registry.npm.taobao.org/estraverse/download/estraverse-5.2.0.tgz?cache=0&sync_timestamp=1596643087695&other_urls=https%3A%2F%2Fregistry.npm.taobao.org%2Festraverse%2Fdownload%2Festraverse-5.2.0.tgz",
          "integrity": "sha1-MH30JUfmzHMk088DwVXVzbjFOIA=",
          "dev": true
        }
      }
    },
    "estraverse": {
      "version": "4.3.0",
      "resolved": "https://registry.npm.taobao.org/estraverse/download/estraverse-4.3.0.tgz?cache=0&sync_timestamp=1596643087695&other_urls=https%3A%2F%2Fregistry.npm.taobao.org%2Festraverse%2Fdownload%2Festraverse-4.3.0.tgz",
      "integrity": "sha1-OYrT88WiSUi+dyXoPRGn3ijNvR0=",
      "dev": true
    },
    "events": {
      "version": "3.2.0",
      "resolved": "https://registry.npm.taobao.org/events/download/events-3.2.0.tgz?cache=0&sync_timestamp=1595422555438&other_urls=https%3A%2F%2Fregistry.npm.taobao.org%2Fevents%2Fdownload%2Fevents-3.2.0.tgz",
      "integrity": "sha1-k7h8GPjvzUICpGGuxN/AVWtjk3k=",
      "dev": true
    },
    "fast-deep-equal": {
      "version": "3.1.3",
      "resolved": "https://registry.npm.taobao.org/fast-deep-equal/download/fast-deep-equal-3.1.3.tgz?cache=0&sync_timestamp=1591599666712&other_urls=https%3A%2F%2Fregistry.npm.taobao.org%2Ffast-deep-equal%2Fdownload%2Ffast-deep-equal-3.1.3.tgz",
      "integrity": "sha1-On1WtVnWy8PrUSMlJE5hmmXGxSU=",
      "dev": true
    },
    "fast-json-stable-stringify": {
      "version": "2.1.0",
      "resolved": "https://registry.npm.taobao.org/fast-json-stable-stringify/download/fast-json-stable-stringify-2.1.0.tgz?cache=0&sync_timestamp=1576367703577&other_urls=https%3A%2F%2Fregistry.npm.taobao.org%2Ffast-json-stable-stringify%2Fdownload%2Ffast-json-stable-stringify-2.1.0.tgz",
      "integrity": "sha1-h0v2nG9ATCtdmcSBNBOZ/VWJJjM=",
      "dev": true
    },
    "find-up": {
      "version": "5.0.0",
      "resolved": "https://registry.npm.taobao.org/find-up/download/find-up-5.0.0.tgz?cache=0&sync_timestamp=1597169862146&other_urls=https%3A%2F%2Fregistry.npm.taobao.org%2Ffind-up%2Fdownload%2Ffind-up-5.0.0.tgz",
      "integrity": "sha1-TJKBnstwg1YeT0okCoa+UZj1Nvw=",
      "dev": true,
      "requires": {
        "locate-path": "^6.0.0",
        "path-exists": "^4.0.0"
      }
    },
    "glob-to-regexp": {
      "version": "0.4.1",
      "resolved": "https://registry.npm.taobao.org/glob-to-regexp/download/glob-to-regexp-0.4.1.tgz",
      "integrity": "sha1-x1KXCHyFG5pXi9IX3VmpL1n+VG4=",
      "dev": true
    },
    "graceful-fs": {
      "version": "4.2.4",
      "resolved": "https://registry.npm.taobao.org/graceful-fs/download/graceful-fs-4.2.4.tgz?cache=0&sync_timestamp=1588086905523&other_urls=https%3A%2F%2Fregistry.npm.taobao.org%2Fgraceful-fs%2Fdownload%2Fgraceful-fs-4.2.4.tgz",
      "integrity": "sha1-Ila94U02MpWMRl68ltxGfKB6Kfs=",
      "dev": true
    },
    "has-flag": {
      "version": "4.0.0",
      "resolved": "https://registry.npm.taobao.org/has-flag/download/has-flag-4.0.0.tgz",
      "integrity": "sha1-lEdx/ZyByBJlxNaUGGDaBrtZR5s=",
      "dev": true
    },
    "icss-utils": {
      "version": "5.1.0",
      "resolved": "https://registry.npm.taobao.org/icss-utils/download/icss-utils-5.1.0.tgz?cache=0&sync_timestamp=1605801297051&other_urls=https%3A%2F%2Fregistry.npm.taobao.org%2Ficss-utils%2Fdownload%2Ficss-utils-5.1.0.tgz",
      "integrity": "sha1-xr5oWKvQE9do6YNmrkfiXViHsa4=",
      "dev": true
    },
    "indexes-of": {
      "version": "1.0.1",
      "resolved": "http://registry.npm.taobao.org/indexes-of/download/indexes-of-1.0.1.tgz",
      "integrity": "sha1-8w9xbI4r00bHtn0985FVZqfAVgc=",
      "dev": true
    },
    "jest-worker": {
      "version": "26.6.2",
      "resolved": "https://registry.npm.taobao.org/jest-worker/download/jest-worker-26.6.2.tgz",
      "integrity": "sha1-f3LLxNZDw2Xie5/XdfnQ6qnHqO0=",
      "dev": true,
      "requires": {
        "@types/node": "*",
        "merge-stream": "^2.0.0",
        "supports-color": "^7.0.0"
      }
    },
    "json-parse-better-errors": {
      "version": "1.0.2",
      "resolved": "http://registry.npm.taobao.org/json-parse-better-errors/download/json-parse-better-errors-1.0.2.tgz",
      "integrity": "sha1-u4Z8+zRQ5pEHwTHRxRS6s9yLyqk=",
      "dev": true
    },
    "json-schema-traverse": {
      "version": "0.4.1",
      "resolved": "https://registry.npm.taobao.org/json-schema-traverse/download/json-schema-traverse-0.4.1.tgz",
      "integrity": "sha1-afaofZUTq4u4/mO9sJecRI5oRmA=",
      "dev": true
    },
    "json5": {
      "version": "2.1.3",
      "resolved": "https://registry.npm.taobao.org/json5/download/json5-2.1.3.tgz?cache=0&sync_timestamp=1586045666090&other_urls=https%3A%2F%2Fregistry.npm.taobao.org%2Fjson5%2Fdownload%2Fjson5-2.1.3.tgz",
      "integrity": "sha1-ybD3+pIzv+WAf+ZvzzpWF+1ZfUM=",
      "dev": true,
      "requires": {
        "minimist": "^1.2.5"
      }
    },
    "loader-runner": {
      "version": "4.1.0",
      "resolved": "https://registry.npm.taobao.org/loader-runner/download/loader-runner-4.1.0.tgz",
      "integrity": "sha1-9wvAwp7bq98gQ+fuc8zD/hyWtC0=",
      "dev": true
    },
    "loader-utils": {
      "version": "2.0.0",
      "resolved": "https://registry.npm.taobao.org/loader-utils/download/loader-utils-2.0.0.tgz",
      "integrity": "sha1-5MrOW4FtQloWa18JfhDNErNgZLA=",
      "dev": true,
      "requires": {
        "big.js": "^5.2.2",
        "emojis-list": "^3.0.0",
        "json5": "^2.1.2"
      }
    },
    "locate-path": {
      "version": "6.0.0",
      "resolved": "https://registry.npm.taobao.org/locate-path/download/locate-path-6.0.0.tgz",
      "integrity": "sha1-VTIeswn+u8WcSAHZMackUqaB0oY=",
      "dev": true,
      "requires": {
        "p-locate": "^5.0.0"
      }
    },
    "lodash": {
      "version": "4.17.20",
      "resolved": "https://registry.npm.taobao.org/lodash/download/lodash-4.17.20.tgz",
      "integrity": "sha1-tEqbYpe8tpjxxRo1RaKzs2jVnFI="
    },
    "lru-cache": {
      "version": "6.0.0",
      "resolved": "https://registry.npm.taobao.org/lru-cache/download/lru-cache-6.0.0.tgz?cache=0&other_urls=https%3A%2F%2Fregistry.npm.taobao.org%2Flru-cache%2Fdownload%2Flru-cache-6.0.0.tgz",
      "integrity": "sha1-bW/mVw69lqr5D8rR2vo7JWbbOpQ=",
      "dev": true,
      "requires": {
        "yallist": "^4.0.0"
      }
    },
    "merge-stream": {
      "version": "2.0.0",
      "resolved": "https://registry.npm.taobao.org/merge-stream/download/merge-stream-2.0.0.tgz",
      "integrity": "sha1-UoI2KaFN0AyXcPtq1H3GMQ8sH2A=",
      "dev": true
    },
    "mime-db": {
      "version": "1.44.0",
      "resolved": "https://registry.npm.taobao.org/mime-db/download/mime-db-1.44.0.tgz?cache=0&sync_timestamp=1600831190342&other_urls=https%3A%2F%2Fregistry.npm.taobao.org%2Fmime-db%2Fdownload%2Fmime-db-1.44.0.tgz",
      "integrity": "sha1-+hHF6wrKEzS0Izy01S8QxaYnL5I=",
      "dev": true
    },
    "mime-types": {
      "version": "2.1.27",
      "resolved": "https://registry.npm.taobao.org/mime-types/download/mime-types-2.1.27.tgz",
      "integrity": "sha1-R5SfmOJ56lMRn1ci4PNOUpvsAJ8=",
      "dev": true,
      "requires": {
        "mime-db": "1.44.0"
      }
    },
    "minimist": {
      "version": "1.2.5",
      "resolved": "https://registry.npm.taobao.org/minimist/download/minimist-1.2.5.tgz?cache=0&sync_timestamp=1584051606680&other_urls=https%3A%2F%2Fregistry.npm.taobao.org%2Fminimist%2Fdownload%2Fminimist-1.2.5.tgz",
      "integrity": "sha1-Z9ZgFLZqaoqqDAg8X9WN9OTpdgI=",
      "dev": true
    },
    "nanoid": {
      "version": "3.1.20",
      "resolved": "https://registry.npm.taobao.org/nanoid/download/nanoid-3.1.20.tgz?cache=0&sync_timestamp=1606833883218&other_urls=https%3A%2F%2Fregistry.npm.taobao.org%2Fnanoid%2Fdownload%2Fnanoid-3.1.20.tgz",
      "integrity": "sha1-utwmPGsdzxS3HvqoX2q0wdbPx4g=",
      "dev": true
    },
    "neo-async": {
      "version": "2.6.2",
      "resolved": "https://registry.npm.taobao.org/neo-async/download/neo-async-2.6.2.tgz?cache=0&sync_timestamp=1594317393622&other_urls=https%3A%2F%2Fregistry.npm.taobao.org%2Fneo-async%2Fdownload%2Fneo-async-2.6.2.tgz",
      "integrity": "sha1-tKr7k+OustgXTKU88WOrfXMIMF8=",
      "dev": true
    },
    "node-releases": {
      "version": "1.1.67",
      "resolved": "https://registry.npm.taobao.org/node-releases/download/node-releases-1.1.67.tgz?cache=0&sync_timestamp=1605581294234&other_urls=https%3A%2F%2Fregistry.npm.taobao.org%2Fnode-releases%2Fdownload%2Fnode-releases-1.1.67.tgz",
      "integrity": "sha1-KOv8zNC6pqrY6NTY/ky8Sa4jnBI=",
      "dev": true
    },
    "p-limit": {
      "version": "3.1.0",
      "resolved": "https://registry.npm.taobao.org/p-limit/download/p-limit-3.1.0.tgz",
      "integrity": "sha1-4drMvnjQ0TiMoYxk/qOOPlfjcGs=",
      "dev": true,
      "requires": {
        "yocto-queue": "^0.1.0"
      }
    },
    "p-locate": {
      "version": "5.0.0",
      "resolved": "https://registry.npm.taobao.org/p-locate/download/p-locate-5.0.0.tgz?cache=0&sync_timestamp=1597081605529&other_urls=https%3A%2F%2Fregistry.npm.taobao.org%2Fp-locate%2Fdownload%2Fp-locate-5.0.0.tgz",
      "integrity": "sha1-g8gxXGeFAF470CGDlBHJ4RDm2DQ=",
      "dev": true,
      "requires": {
        "p-limit": "^3.0.2"
      }
    },
    "path-exists": {
      "version": "4.0.0",
      "resolved": "https://registry.npm.taobao.org/path-exists/download/path-exists-4.0.0.tgz",
      "integrity": "sha1-UTvb4tO5XXdi6METfvoZXGxhtbM=",
      "dev": true
    },
    "pkg-dir": {
      "version": "5.0.0",
      "resolved": "https://registry.npm.taobao.org/pkg-dir/download/pkg-dir-5.0.0.tgz?cache=0&sync_timestamp=1602858915845&other_urls=https%3A%2F%2Fregistry.npm.taobao.org%2Fpkg-dir%2Fdownload%2Fpkg-dir-5.0.0.tgz",
      "integrity": "sha1-oC1q6+a6EzqSj3Suwguv3+a452A=",
      "dev": true,
      "requires": {
        "find-up": "^5.0.0"
      }
    },
    "postcss": {
      "version": "8.2.1",
      "resolved": "https://registry.npm.taobao.org/postcss/download/postcss-8.2.1.tgz?cache=0&sync_timestamp=1607512891622&other_urls=https%3A%2F%2Fregistry.npm.taobao.org%2Fpostcss%2Fdownload%2Fpostcss-8.2.1.tgz",
      "integrity": "sha1-6rxVV8RVgFm52eWxW85/+pCJwqg=",
      "dev": true,
      "requires": {
        "colorette": "^1.2.1",
        "nanoid": "^3.1.20",
        "source-map": "^0.6.1"
      }
    },
    "postcss-modules-extract-imports": {
      "version": "3.0.0",
      "resolved": "https://registry.npm.taobao.org/postcss-modules-extract-imports/download/postcss-modules-extract-imports-3.0.0.tgz?cache=0&sync_timestamp=1602588264525&other_urls=https%3A%2F%2Fregistry.npm.taobao.org%2Fpostcss-modules-extract-imports%2Fdownload%2Fpostcss-modules-extract-imports-3.0.0.tgz",
      "integrity": "sha1-zaHwR8CugMl9vijD52pDuIAldB0=",
      "dev": true
    },
    "postcss-modules-local-by-default": {
      "version": "4.0.0",
      "resolved": "https://registry.npm.taobao.org/postcss-modules-local-by-default/download/postcss-modules-local-by-default-4.0.0.tgz?cache=0&sync_timestamp=1602587684904&other_urls=https%3A%2F%2Fregistry.npm.taobao.org%2Fpostcss-modules-local-by-default%2Fdownload%2Fpostcss-modules-local-by-default-4.0.0.tgz",
      "integrity": "sha1-67tU+uFZjuz99pGgKz/zs5ClpRw=",
      "dev": true,
      "requires": {
        "icss-utils": "^5.0.0",
        "postcss-selector-parser": "^6.0.2",
        "postcss-value-parser": "^4.1.0"
      }
    },
    "postcss-modules-scope": {
      "version": "3.0.0",
      "resolved": "https://registry.npm.taobao.org/postcss-modules-scope/download/postcss-modules-scope-3.0.0.tgz?cache=0&sync_timestamp=1602593133331&other_urls=https%3A%2F%2Fregistry.npm.taobao.org%2Fpostcss-modules-scope%2Fdownload%2Fpostcss-modules-scope-3.0.0.tgz",
      "integrity": "sha1-nvMVFFbTu/oSDKRImN/Kby+gHwY=",
      "dev": true,
      "requires": {
        "postcss-selector-parser": "^6.0.4"
      }
    },
    "postcss-modules-values": {
      "version": "4.0.0",
      "resolved": "https://registry.npm.taobao.org/postcss-modules-values/download/postcss-modules-values-4.0.0.tgz?cache=0&sync_timestamp=1602589125112&other_urls=https%3A%2F%2Fregistry.npm.taobao.org%2Fpostcss-modules-values%2Fdownload%2Fpostcss-modules-values-4.0.0.tgz",
      "integrity": "sha1-18Xn5ow7s8myfL9Iyguz/7RgLJw=",
      "dev": true,
      "requires": {
        "icss-utils": "^5.0.0"
      }
    },
    "postcss-selector-parser": {
      "version": "6.0.4",
      "resolved": "https://registry.npm.taobao.org/postcss-selector-parser/download/postcss-selector-parser-6.0.4.tgz?cache=0&sync_timestamp=1601045453664&other_urls=https%3A%2F%2Fregistry.npm.taobao.org%2Fpostcss-selector-parser%2Fdownload%2Fpostcss-selector-parser-6.0.4.tgz",
      "integrity": "sha1-VgdaE4CgRgTDiwY+p3Z6Epr1wrM=",
      "dev": true,
      "requires": {
        "cssesc": "^3.0.0",
        "indexes-of": "^1.0.1",
        "uniq": "^1.0.1",
        "util-deprecate": "^1.0.2"
      }
    },
    "postcss-value-parser": {
      "version": "4.1.0",
      "resolved": "https://registry.npm.taobao.org/postcss-value-parser/download/postcss-value-parser-4.1.0.tgz?cache=0&sync_timestamp=1588083303810&other_urls=https%3A%2F%2Fregistry.npm.taobao.org%2Fpostcss-value-parser%2Fdownload%2Fpostcss-value-parser-4.1.0.tgz",
      "integrity": "sha1-RD9qIM7WSBor2k+oUypuVdeJoss=",
      "dev": true
    },
    "punycode": {
      "version": "2.1.1",
      "resolved": "http://registry.npm.taobao.org/punycode/download/punycode-2.1.1.tgz",
      "integrity": "sha1-tYsBCsQMIsVldhbI0sLALHv0eew=",
      "dev": true
    },
    "randombytes": {
      "version": "2.1.0",
      "resolved": "http://registry.npm.taobao.org/randombytes/download/randombytes-2.1.0.tgz",
      "integrity": "sha1-32+ENy8CcNxlzfYpE0mrekc9Tyo=",
      "dev": true,
      "requires": {
        "safe-buffer": "^5.1.0"
      }
    },
    "safe-buffer": {
      "version": "5.2.1",
      "resolved": "https://registry.npm.taobao.org/safe-buffer/download/safe-buffer-5.2.1.tgz?cache=0&sync_timestamp=1589129010497&other_urls=https%3A%2F%2Fregistry.npm.taobao.org%2Fsafe-buffer%2Fdownload%2Fsafe-buffer-5.2.1.tgz",
      "integrity": "sha1-Hq+fqb2x/dTsdfWPnNtOa3gn7sY=",
      "dev": true
    },
    "schema-utils": {
      "version": "3.0.0",
      "resolved": "https://registry.npm.taobao.org/schema-utils/download/schema-utils-3.0.0.tgz?cache=0&sync_timestamp=1601922735783&other_urls=https%3A%2F%2Fregistry.npm.taobao.org%2Fschema-utils%2Fdownload%2Fschema-utils-3.0.0.tgz",
      "integrity": "sha1-Z1AvaqK2ai1AMrQnmilEl4oJE+8=",
      "dev": true,
      "requires": {
        "@types/json-schema": "^7.0.6",
        "ajv": "^6.12.5",
        "ajv-keywords": "^3.5.2"
      }
    },
    "semver": {
      "version": "7.3.4",
      "resolved": "https://registry.npm.taobao.org/semver/download/semver-7.3.4.tgz?cache=0&sync_timestamp=1606852122426&other_urls=https%3A%2F%2Fregistry.npm.taobao.org%2Fsemver%2Fdownload%2Fsemver-7.3.4.tgz",
      "integrity": "sha1-J6qn0uTKdkUvmNOt0JOnLJQ+3Jc=",
      "dev": true,
      "requires": {
        "lru-cache": "^6.0.0"
      }
    },
    "serialize-javascript": {
      "version": "5.0.1",
      "resolved": "https://registry.npm.taobao.org/serialize-javascript/download/serialize-javascript-5.0.1.tgz?cache=0&sync_timestamp=1599740657550&other_urls=https%3A%2F%2Fregistry.npm.taobao.org%2Fserialize-javascript%2Fdownload%2Fserialize-javascript-5.0.1.tgz",
      "integrity": "sha1-eIbshIBJpGJGepfT2Rjrsqr5NPQ=",
      "dev": true,
      "requires": {
        "randombytes": "^2.1.0"
      }
    },
    "source-list-map": {
      "version": "2.0.1",
      "resolved": "http://registry.npm.taobao.org/source-list-map/download/source-list-map-2.0.1.tgz",
      "integrity": "sha1-OZO9hzv8SEecyp6jpUeDXHwVSzQ=",
      "dev": true
    },
    "source-map": {
      "version": "0.6.1",
      "resolved": "http://registry.npm.taobao.org/source-map/download/source-map-0.6.1.tgz",
      "integrity": "sha1-dHIq8y6WFOnCh6jQu95IteLxomM=",
      "dev": true
    },
    "source-map-support": {
      "version": "0.5.19",
      "resolved": "https://registry.npm.taobao.org/source-map-support/download/source-map-support-0.5.19.tgz?cache=0&sync_timestamp=1587719493563&other_urls=https%3A%2F%2Fregistry.npm.taobao.org%2Fsource-map-support%2Fdownload%2Fsource-map-support-0.5.19.tgz",
      "integrity": "sha1-qYti+G3K9PZzmWSMCFKRq56P7WE=",
      "dev": true,
      "requires": {
        "buffer-from": "^1.0.0",
        "source-map": "^0.6.0"
      }
    },
    "style-loader": {
      "version": "2.0.0",
      "resolved": "https://registry.npm.taobao.org/style-loader/download/style-loader-2.0.0.tgz",
      "integrity": "sha1-lmlgL9RpB0DqrsE3eZoDrdu8OTw=",
      "dev": true,
      "requires": {
        "loader-utils": "^2.0.0",
        "schema-utils": "^3.0.0"
      }
    },
    "supports-color": {
      "version": "7.2.0",
      "resolved": "https://registry.npm.taobao.org/supports-color/download/supports-color-7.2.0.tgz?cache=0&sync_timestamp=1606205010380&other_urls=https%3A%2F%2Fregistry.npm.taobao.org%2Fsupports-color%2Fdownload%2Fsupports-color-7.2.0.tgz",
      "integrity": "sha1-G33NyzK4E4gBs+R4umpRyqiWSNo=",
      "dev": true,
      "requires": {
        "has-flag": "^4.0.0"
      }
    },
    "tapable": {
      "version": "2.2.0",
      "resolved": "https://registry.npm.taobao.org/tapable/download/tapable-2.2.0.tgz?cache=0&sync_timestamp=1607088891056&other_urls=https%3A%2F%2Fregistry.npm.taobao.org%2Ftapable%2Fdownload%2Ftapable-2.2.0.tgz",
      "integrity": "sha1-XDc9KB2cZyhIIT0OA30cQWWrQms=",
      "dev": true
    },
    "terser": {
      "version": "5.5.1",
      "resolved": "https://registry.npm.taobao.org/terser/download/terser-5.5.1.tgz?cache=0&sync_timestamp=1606492226132&other_urls=https%3A%2F%2Fregistry.npm.taobao.org%2Fterser%2Fdownload%2Fterser-5.5.1.tgz",
      "integrity": "sha1-VAyqJROdb0lv3qBW5BQoSIb7Iok=",
      "dev": true,
      "requires": {
        "commander": "^2.20.0",
        "source-map": "~0.7.2",
        "source-map-support": "~0.5.19"
      },
      "dependencies": {
        "source-map": {
          "version": "0.7.3",
          "resolved": "http://registry.npm.taobao.org/source-map/download/source-map-0.7.3.tgz",
          "integrity": "sha1-UwL4FpAxc1ImVECS5kmB91F1A4M=",
          "dev": true
        }
      }
    },
    "terser-webpack-plugin": {
      "version": "5.0.3",
      "resolved": "https://registry.npm.taobao.org/terser-webpack-plugin/download/terser-webpack-plugin-5.0.3.tgz?cache=0&sync_timestamp=1603881772144&other_urls=https%3A%2F%2Fregistry.npm.taobao.org%2Fterser-webpack-plugin%2Fdownload%2Fterser-webpack-plugin-5.0.3.tgz",
      "integrity": "sha1-7GBULbJCH0VzXHGdLhfav7suPkI=",
      "dev": true,
      "requires": {
        "jest-worker": "^26.6.1",
        "p-limit": "^3.0.2",
        "schema-utils": "^3.0.0",
        "serialize-javascript": "^5.0.1",
        "source-map": "^0.6.1",
        "terser": "^5.3.8"
      }
    },
    "tslib": {
      "version": "1.14.1",
      "resolved": "https://registry.npm.taobao.org/tslib/download/tslib-1.14.1.tgz?cache=0&sync_timestamp=1602286603545&other_urls=https%3A%2F%2Fregistry.npm.taobao.org%2Ftslib%2Fdownload%2Ftslib-1.14.1.tgz",
      "integrity": "sha1-zy04vcNKE0vK8QkcQfZhni9nLQA=",
      "dev": true
    },
    "uniq": {
      "version": "1.0.1",
      "resolved": "http://registry.npm.taobao.org/uniq/download/uniq-1.0.1.tgz",
      "integrity": "sha1-sxxa6CVIRKOoKBVBzisEuGWnNP8=",
      "dev": true
    },
    "uri-js": {
      "version": "4.4.0",
      "resolved": "https://registry.npm.taobao.org/uri-js/download/uri-js-4.4.0.tgz",
      "integrity": "sha1-qnFCYd55PoqCNHp7zJznTobyhgI=",
      "dev": true,
      "requires": {
        "punycode": "^2.1.0"
      }
    },
    "util-deprecate": {
      "version": "1.0.2",
      "resolved": "http://registry.npm.taobao.org/util-deprecate/download/util-deprecate-1.0.2.tgz",
      "integrity": "sha1-RQ1Nyfpw3nMnYvvS1KKJgUGaDM8=",
      "dev": true
    },
    "watchpack": {
      "version": "2.1.0",
      "resolved": "https://registry.npm.taobao.org/watchpack/download/watchpack-2.1.0.tgz?cache=0&sync_timestamp=1607687421210&other_urls=https%3A%2F%2Fregistry.npm.taobao.org%2Fwatchpack%2Fdownload%2Fwatchpack-2.1.0.tgz",
      "integrity": "sha1-5jGUc2vzqiICb3sZHNV5B7D59pY=",
      "dev": true,
      "requires": {
        "glob-to-regexp": "^0.4.1",
        "graceful-fs": "^4.1.2"
      }
    },
    "weapp-scroll-view-refresh": {
      "version": "1.0.1",
      "resolved": "https://registry.npm.taobao.org/weapp-scroll-view-refresh/download/weapp-scroll-view-refresh-1.0.1.tgz",
      "integrity": "sha1-7RPxRhIlspTMJpVbvDVB89XCHZo="
    },
    "webpack": {
      "version": "5.10.1",
      "resolved": "https://registry.npm.taobao.org/webpack/download/webpack-5.10.1.tgz?cache=0&sync_timestamp=1607753818758&other_urls=https%3A%2F%2Fregistry.npm.taobao.org%2Fwebpack%2Fdownload%2Fwebpack-5.10.1.tgz",
      "integrity": "sha1-gdGFPTS+9dblv6EZuYpDdksmwQA=",
      "dev": true,
      "requires": {
        "@types/eslint-scope": "^3.7.0",
        "@types/estree": "^0.0.45",
        "@webassemblyjs/ast": "1.9.1",
        "@webassemblyjs/helper-module-context": "1.9.1",
        "@webassemblyjs/wasm-edit": "1.9.1",
        "@webassemblyjs/wasm-parser": "1.9.1",
        "acorn": "^8.0.4",
        "browserslist": "^4.14.5",
        "chrome-trace-event": "^1.0.2",
        "enhanced-resolve": "^5.3.1",
        "eslint-scope": "^5.1.1",
        "events": "^3.2.0",
        "glob-to-regexp": "^0.4.1",
        "graceful-fs": "^4.2.4",
        "json-parse-better-errors": "^1.0.2",
        "loader-runner": "^4.1.0",
        "mime-types": "^2.1.27",
        "neo-async": "^2.6.2",
        "pkg-dir": "^5.0.0",
        "schema-utils": "^3.0.0",
        "tapable": "^2.1.1",
        "terser-webpack-plugin": "^5.0.3",
        "watchpack": "^2.0.0",
        "webpack-sources": "^2.1.1"
      }
    },
    "webpack-sources": {
      "version": "2.2.0",
      "resolved": "https://registry.npm.taobao.org/webpack-sources/download/webpack-sources-2.2.0.tgz?cache=0&sync_timestamp=1603965314165&other_urls=https%3A%2F%2Fregistry.npm.taobao.org%2Fwebpack-sources%2Fdownload%2Fwebpack-sources-2.2.0.tgz",
      "integrity": "sha1-BYkm8549RDGTtsMVRyKYBv/QK6w=",
      "dev": true,
      "requires": {
        "source-list-map": "^2.0.1",
        "source-map": "^0.6.1"
      }
    },
    "yallist": {
      "version": "4.0.0",
      "resolved": "https://registry.npm.taobao.org/yallist/download/yallist-4.0.0.tgz?cache=0&other_urls=https%3A%2F%2Fregistry.npm.taobao.org%2Fyallist%2Fdownload%2Fyallist-4.0.0.tgz",
      "integrity": "sha1-m7knkNnA7/7GO+c1GeEaNQGaOnI=",
      "dev": true
    },
    "yocto-queue": {
      "version": "0.1.0",
      "resolved": "https://registry.npm.taobao.org/yocto-queue/download/yocto-queue-0.1.0.tgz?cache=0&sync_timestamp=1606288334406&other_urls=https%3A%2F%2Fregistry.npm.taobao.org%2Fyocto-queue%2Fdownload%2Fyocto-queue-0.1.0.tgz",
      "integrity": "sha1-ApTrPe4FAo0x7hpfosVWpqrxChs=",
      "dev": true
    }
  }
}
